
Microsoft Visual Studio Solution File, Format Version 12.00
# Visual Studio Version 17
VisualStudioVersion = 17.0.31903.59
MinimumVisualStudioVersion = 10.0.40219.1
Project("{FAE04EC0-301F-11D3-BF4B-00C04F79EFBC}") = "jcdcdev.Cloudflare.CustomListSync", "jcdcdev.Cloudflare.CustomListSync\jcdcdev.Cloudflare.CustomListSync.csproj", "{6A654E8B-2831-47B8-9E53-BD764A288E09}"
EndProject
Project("{FAE04EC0-301F-11D3-BF4B-00C04F79EFBC}") = "jcdcdev.Cloudflare.CustomListSync.Tests", "jcdcdev.Cloudflare.CustomListSync.Tests\jcdcdev.Cloudflare.CustomListSync.Tests.csproj", "{54153341-3B51-4A3E-BC88-2963FF9884D3}"
EndProject
Project("{2150E333-8FDC-42A3-9474-1A3956D46DE8}") = "Solution Items", "Solution Items", "{4C5BE001-E8E2-4C04-8932-01DFAAC08786}"
	ProjectSection(SolutionItems) = preProject
		.gitignore = .gitignore
		Dockerfile = Dockerfile
		GitVersion.yml = GitVersion.yml
		README.md = README.md
		.github\workflows\build.yml = .github\workflows\build.yml
		.github\workflows\update-docker-hub.yml = .github\workflows\update-docker-hub.yml
	EndProjectSection
EndProject
Global
	GlobalSection(SolutionConfigurationPlatforms) = preSolution
		Debug|Any CPU = Debug|Any CPU
		Debug|x64 = Debug|x64
		Debug|x86 = Debug|x86
		Release|Any CPU = Release|Any CPU
		Release|x64 = Release|x64
		Release|x86 = Release|x86
	EndGlobalSection
	GlobalSection(ProjectConfigurationPlatforms) = postSolution
		{6A654E8B-2831-47B8-9E53-BD764A288E09}.Debug|Any CPU.ActiveCfg = Debug|Any CPU
		{6A654E8B-2831-47B8-9E53-BD764A288E09}.Debug|Any CPU.Build.0 = Debug|Any CPU
		{6A654E8B-2831-47B8-9E53-BD764A288E09}.Debug|x64.ActiveCfg = Debug|Any CPU
		{6A654E8B-2831-47B8-9E53-BD764A288E09}.Debug|x64.Build.0 = Debug|Any CPU
		{6A654E8B-2831-47B8-9E53-BD764A288E09}.Debug|x86.ActiveCfg = Debug|Any CPU
		{6A654E8B-2831-47B8-9E53-BD764A288E09}.Debug|x86.Build.0 = Debug|Any CPU
		{6A654E8B-2831-47B8-9E53-BD764A288E09}.Release|Any CPU.ActiveCfg = Release|Any CPU
		{6A654E8B-2831-47B8-9E53-BD764A288E09}.Release|Any CPU.Build.0 = Release|Any CPU
		{6A654E8B-2831-47B8-9E53-BD764A288E09}.Release|x64.ActiveCfg = Release|Any CPU
		{6A654E8B-2831-47B8-9E53-BD764A288E09}.Release|x64.Build.0 = Release|Any CPU
		{6A654E8B-2831-47B8-9E53-BD764A288E09}.Release|x86.ActiveCfg = Release|Any CPU
		{6A654E8B-2831-47B8-9E53-BD764A288E09}.Release|x86.Build.0 = Release|Any CPU
		{54153341-3B51-4A3E-BC88-2963FF9884D3}.Debug|Any CPU.ActiveCfg = Debug|Any CPU
		{54153341-3B51-4A3E-BC88-2963FF9884D3}.Debug|Any CPU.Build.0 = Debug|Any CPU
		{54153341-3B51-4A3E-BC88-2963FF9884D3}.Debug|x64.ActiveCfg = Debug|Any CPU
		{54153341-3B51-4A3E-BC88-2963FF9884D3}.Debug|x64.Build.0 = Debug|Any CPU
		{54153341-3B51-4A3E-BC88-2963FF9884D3}.Debug|x86.ActiveCfg = Debug|Any CPU
		{54153341-3B51-4A3E-BC88-2963FF9884D3}.Debug|x86.Build.0 = Debug|Any CPU
		{54153341-3B51-4A3E-BC88-2963FF9884D3}.Release|Any CPU.ActiveCfg = Release|Any CPU
		{54153341-3B51-4A3E-BC88-2963FF9884D3}.Release|Any CPU.Build.0 = Release|Any CPU
		{54153341-3B51-4A3E-BC88-2963FF9884D3}.Release|x64.ActiveCfg = Release|Any CPU
		{54153341-3B51-4A3E-BC88-2963FF9884D3}.Release|x64.Build.0 = Release|Any CPU
		{54153341-3B51-4A3E-BC88-2963FF9884D3}.Release|x86.ActiveCfg = Release|Any CPU
		{54153341-3B51-4A3E-BC88-2963FF9884D3}.Release|x86.Build.0 = Release|Any CPU
	EndGlobalSection
	GlobalSection(SolutionProperties) = preSolution
		HideSolutionNode = FALSE
	EndGlobalSection
EndGlobal
